// !$*UTF8*$!
{
	archiveVersion = 1;
	classes = {
	};
	objectVersion = 46;
	objects = {

/* Begin PBXBuildFile section */
		17A198EE1AEFD71400BBB899 /* Connection.swift in Sources */ = {isa = PBXBuildFile; fileRef = 17A198ED1AEFD71400BBB899 /* Connection.swift */; };
		8B610A4F1AEE80F9007340CF /* AppDelegate.swift in Sources */ = {isa = PBXBuildFile; fileRef = 8B610A4E1AEE80F9007340CF /* AppDelegate.swift */; };
		8B610A511AEE80F9007340CF /* MasterViewController.swift in Sources */ = {isa = PBXBuildFile; fileRef = 8B610A501AEE80F9007340CF /* MasterViewController.swift */; };
		8B610A531AEE80F9007340CF /* DetailViewController.swift in Sources */ = {isa = PBXBuildFile; fileRef = 8B610A521AEE80F9007340CF /* DetailViewController.swift */; };
		8B610A561AEE80F9007340CF /* Main.storyboard in Resources */ = {isa = PBXBuildFile; fileRef = 8B610A541AEE80F9007340CF /* Main.storyboard */; };
		8B610A581AEE80F9007340CF /* Images.xcassets in Resources */ = {isa = PBXBuildFile; fileRef = 8B610A571AEE80F9007340CF /* Images.xcassets */; };
		8B610A5B1AEE80F9007340CF /* LaunchScreen.xib in Resources */ = {isa = PBXBuildFile; fileRef = 8B610A591AEE80F9007340CF /* LaunchScreen.xib */; };
		8B610A671AEE80F9007340CF /* testViewTests.swift in Sources */ = {isa = PBXBuildFile; fileRef = 8B610A661AEE80F9007340CF /* testViewTests.swift */; };
		8B610A711AEE8114007340CF /* NetworkController.swift in Sources */ = {isa = PBXBuildFile; fileRef = 8B610A701AEE8114007340CF /* NetworkController.swift */; };
		8B610A731AEE96FD007340CF /* SwiftyJSON.swift in Sources */ = {isa = PBXBuildFile; fileRef = 8B610A721AEE96FD007340CF /* SwiftyJSON.swift */; };
		8BA5C9801AF2728300540638 /* User.swift in Sources */ = {isa = PBXBuildFile; fileRef = 8BA5C97F1AF2728300540638 /* User.swift */; };
		8BA5C9821AF2768500540638 /* Repositorio.swift in Sources */ = {isa = PBXBuildFile; fileRef = 8BA5C9811AF2768500540638 /* Repositorio.swift */; };
		8BA5C9841AF2769F00540638 /* Badge.swift in Sources */ = {isa = PBXBuildFile; fileRef = 8BA5C9831AF2769F00540638 /* Badge.swift */; };
/* End PBXBuildFile section */

/* Begin PBXContainerItemProxy section */
		8B610A611AEE80F9007340CF /* PBXContainerItemProxy */ = {
			isa = PBXContainerItemProxy;
			containerPortal = 8B610A411AEE80F9007340CF /* Project object */;
			proxyType = 1;
			remoteGlobalIDString = 8B610A481AEE80F9007340CF;
			remoteInfo = testView;
		};
/* End PBXContainerItemProxy section */

/* Begin PBXFileReference section */
		17A198ED1AEFD71400BBB899 /* Connection.swift */ = {isa = PBXFileReference; fileEncoding = 4; lastKnownFileType = sourcecode.swift; path = Connection.swift; sourceTree = "<group>"; };
		8B610A491AEE80F9007340CF /* testView.app */ = {isa = PBXFileReference; explicitFileType = wrapper.application; includeInIndex = 0; path = testView.app; sourceTree = BUILT_PRODUCTS_DIR; };
		8B610A4D1AEE80F9007340CF /* Info.plist */ = {isa = PBXFileReference; lastKnownFileType = text.plist.xml; path = Info.plist; sourceTree = "<group>"; };
		8B610A4E1AEE80F9007340CF /* AppDelegate.swift */ = {isa = PBXFileReference; lastKnownFileType = sourcecode.swift; path = AppDelegate.swift; sourceTree = "<group>"; };
		8B610A501AEE80F9007340CF /* MasterViewController.swift */ = {isa = PBXFileReference; lastKnownFileType = sourcecode.swift; path = MasterViewController.swift; sourceTree = "<group>"; };
		8B610A521AEE80F9007340CF /* DetailViewController.swift */ = {isa = PBXFileReference; lastKnownFileType = sourcecode.swift; path = DetailViewController.swift; sourceTree = "<group>"; };
		8B610A551AEE80F9007340CF /* Base */ = {isa = PBXFileReference; lastKnownFileType = file.storyboard; name = Base; path = Base.lproj/Main.storyboard; sourceTree = "<group>"; };
		8B610A571AEE80F9007340CF /* Images.xcassets */ = {isa = PBXFileReference; lastKnownFileType = folder.assetcatalog; path = Images.xcassets; sourceTree = "<group>"; };
		8B610A5A1AEE80F9007340CF /* Base */ = {isa = PBXFileReference; lastKnownFileType = file.xib; name = Base; path = Base.lproj/LaunchScreen.xib; sourceTree = "<group>"; };
		8B610A601AEE80F9007340CF /* testViewTests.xctest */ = {isa = PBXFileReference; explicitFileType = wrapper.cfbundle; includeInIndex = 0; path = testViewTests.xctest; sourceTree = BUILT_PRODUCTS_DIR; };
		8B610A651AEE80F9007340CF /* Info.plist */ = {isa = PBXFileReference; lastKnownFileType = text.plist.xml; path = Info.plist; sourceTree = "<group>"; };
		8B610A661AEE80F9007340CF /* testViewTests.swift */ = {isa = PBXFileReference; lastKnownFileType = sourcecode.swift; path = testViewTests.swift; sourceTree = "<group>"; };
		8B610A701AEE8114007340CF /* NetworkController.swift */ = {isa = PBXFileReference; fileEncoding = 4; lastKnownFileType = sourcecode.swift; path = NetworkController.swift; sourceTree = "<group>"; };
		8B610A721AEE96FD007340CF /* SwiftyJSON.swift */ = {isa = PBXFileReference; fileEncoding = 4; lastKnownFileType = sourcecode.swift; path = SwiftyJSON.swift; sourceTree = "<group>"; };
		8BA5C97F1AF2728300540638 /* User.swift */ = {isa = PBXFileReference; fileEncoding = 4; lastKnownFileType = sourcecode.swift; path = User.swift; sourceTree = "<group>"; };
		8BA5C9811AF2768500540638 /* Repositorio.swift */ = {isa = PBXFileReference; fileEncoding = 4; lastKnownFileType = sourcecode.swift; path = Repositorio.swift; sourceTree = "<group>"; };
		8BA5C9831AF2769F00540638 /* Badge.swift */ = {isa = PBXFileReference; fileEncoding = 4; lastKnownFileType = sourcecode.swift; path = Badge.swift; sourceTree = "<group>"; };
/* End PBXFileReference section */

/* Begin PBXFrameworksBuildPhase section */
		8B610A461AEE80F9007340CF /* Frameworks */ = {
			isa = PBXFrameworksBuildPhase;
			buildActionMask = 2147483647;
			files = (
			);
			runOnlyForDeploymentPostprocessing = 0;
		};
		8B610A5D1AEE80F9007340CF /* Frameworks */ = {
			isa = PBXFrameworksBuildPhase;
			buildActionMask = 2147483647;
			files = (
			);
			runOnlyForDeploymentPostprocessing = 0;
		};
/* End PBXFrameworksBuildPhase section */

/* Begin PBXGroup section */
		8B610A401AEE80F9007340CF = {
			isa = PBXGroup;
			children = (
				8B610A4B1AEE80F9007340CF /* testView */,
				8B610A631AEE80F9007340CF /* testViewTests */,
				8B610A4A1AEE80F9007340CF /* Products */,
			);
			sourceTree = "<group>";
		};
		8B610A4A1AEE80F9007340CF /* Products */ = {
			isa = PBXGroup;
			children = (
				8B610A491AEE80F9007340CF /* testView.app */,
				8B610A601AEE80F9007340CF /* testViewTests.xctest */,
			);
			name = Products;
			sourceTree = "<group>";
		};
		8B610A4B1AEE80F9007340CF /* testView */ = {
			isa = PBXGroup;
			children = (
				8BA5C9831AF2769F00540638 /* Badge.swift */,
				8BA5C9811AF2768500540638 /* Repositorio.swift */,
				8BA5C97F1AF2728300540638 /* User.swift */,
				8B610A721AEE96FD007340CF /* SwiftyJSON.swift */,
				8B610A701AEE8114007340CF /* NetworkController.swift */,
				17A198ED1AEFD71400BBB899 /* Connection.swift */,
				8B610A501AEE80F9007340CF /* MasterViewController.swift */,
				8B610A521AEE80F9007340CF /* DetailViewController.swift */,
				8B610A541AEE80F9007340CF /* Main.storyboard */,
				8B610A4C1AEE80F9007340CF /* Supporting Files */,
			);
			path = testView;
			sourceTree = "<group>";
		};
		8B610A4C1AEE80F9007340CF /* Supporting Files */ = {
			isa = PBXGroup;
			children = (
				8B610A4E1AEE80F9007340CF /* AppDelegate.swift */,
				8B610A571AEE80F9007340CF /* Images.xcassets */,
				8B610A591AEE80F9007340CF /* LaunchScreen.xib */,
				8B610A4D1AEE80F9007340CF /* Info.plist */,
			);
			name = "Supporting Files";
			sourceTree = "<group>";
		};
		8B610A631AEE80F9007340CF /* testViewTests */ = {
			isa = PBXGroup;
			children = (
				8B610A661AEE80F9007340CF /* testViewTests.swift */,
				8B610A641AEE80F9007340CF /* Supporting Files */,
			);
			path = testViewTests;
			sourceTree = "<group>";
		};
		8B610A641AEE80F9007340CF /* Supporting Files */ = {
			isa = PBXGroup;
			children = (
				8B610A651AEE80F9007340CF /* Info.plist */,
			);
			name = "Supporting Files";
			sourceTree = "<group>";
		};
/* End PBXGroup section */

/* Begin PBXNativeTarget section */
		8B610A481AEE80F9007340CF /* testView */ = {
			isa = PBXNativeTarget;
			buildConfigurationList = 8B610A6A1AEE80F9007340CF /* Build configuration list for PBXNativeTarget "testView" */;
			buildPhases = (
				8B610A451AEE80F9007340CF /* Sources */,
				8B610A461AEE80F9007340CF /* Frameworks */,
				8B610A471AEE80F9007340CF /* Resources */,
			);
			buildRules = (
			);
			dependencies = (
			);
			name = testView;
			productName = testView;
			productReference = 8B610A491AEE80F9007340CF /* testView.app */;
			productType = "com.apple.product-type.application";
		};
		8B610A5F1AEE80F9007340CF /* testViewTests */ = {
			isa = PBXNativeTarget;
			buildConfigurationList = 8B610A6D1AEE80F9007340CF /* Build configuration list for PBXNativeTarget "testViewTests" */;
			buildPhases = (
				8B610A5C1AEE80F9007340CF /* Sources */,
				8B610A5D1AEE80F9007340CF /* Frameworks */,
				8B610A5E1AEE80F9007340CF /* Resources */,
			);
			buildRules = (
			);
			dependencies = (
				8B610A621AEE80F9007340CF /* PBXTargetDependency */,
			);
			name = testViewTests;
			productName = testViewTests;
			productReference = 8B610A601AEE80F9007340CF /* testViewTests.xctest */;
			productType = "com.apple.product-type.bundle.unit-test";
		};
/* End PBXNativeTarget section */

/* Begin PBXProject section */
		8B610A411AEE80F9007340CF /* Project object */ = {
			isa = PBXProject;
			attributes = {
				LastUpgradeCheck = 0630;
				ORGANIZATIONNAME = "Fernando Lucheti";
				TargetAttributes = {
					8B610A481AEE80F9007340CF = {
						CreatedOnToolsVersion = 6.3.1;
					};
					8B610A5F1AEE80F9007340CF = {
						CreatedOnToolsVersion = 6.3.1;
						TestTargetID = 8B610A481AEE80F9007340CF;
					};
				};
			};
			buildConfigurationList = 8B610A441AEE80F9007340CF /* Build configuration list for PBXProject "testView" */;
			compatibilityVersion = "Xcode 3.2";
			developmentRegion = English;
			hasScannedForEncodings = 0;
			knownRegions = (
				en,
				Base,
			);
			mainGroup = 8B610A401AEE80F9007340CF;
			productRefGroup = 8B610A4A1AEE80F9007340CF /* Products */;
			projectDirPath = "";
			projectRoot = "";
			targets = (
				8B610A481AEE80F9007340CF /* testView */,
				8B610A5F1AEE80F9007340CF /* testViewTests */,
			);
		};
/* End PBXProject section */

/* Begin PBXResourcesBuildPhase section */
		8B610A471AEE80F9007340CF /* Resources */ = {
			isa = PBXResourcesBuildPhase;
			buildActionMask = 2147483647;
			files = (
				8B610A561AEE80F9007340CF /* Main.storyboard in Resources */,
				8B610A5B1AEE80F9007340CF /* LaunchScreen.xib in Resources */,
				8B610A581AEE80F9007340CF /* Images.xcassets in Resources */,
			);
			runOnlyForDeploymentPostprocessing = 0;
		};
		8B610A5E1AEE80F9007340CF /* Resources */ = {
			isa = PBXResourcesBuildPhase;
			buildActionMask = 2147483647;
			files = (
			);
			runOnlyForDeploymentPostprocessing = 0;
		};
/* End PBXResourcesBuildPhase section */

/* Begin PBXSourcesBuildPhase section */
		8B610A451AEE80F9007340CF /* Sources */ = {
			isa = PBXSourcesBuildPhase;
			buildActionMask = 2147483647;
			files = (
				8B610A711AEE8114007340CF /* NetworkController.swift in Sources */,
				17A198EE1AEFD71400BBB899 /* Connection.swift in Sources */,
				8B610A531AEE80F9007340CF /* DetailViewController.swift in Sources */,
				8BA5C9821AF2768500540638 /* Repositorio.swift in Sources */,
				8B610A511AEE80F9007340CF /* MasterViewController.swift in Sources */,
				8B610A731AEE96FD007340CF /* SwiftyJSON.swift in Sources */,
				8B610A4F1AEE80F9007340CF /* AppDelegate.swift in Sources */,
				8BA5C9841AF2769F00540638 /* Badge.swift in Sources */,
				8BA5C9801AF2728300540638 /* User.swift in Sources */,
			);
			runOnlyForDeploymentPostprocessing = 0;
		};
		8B610A5C1AEE80F9007340CF /* Sources */ = {
			isa = PBXSourcesBuildPhase;
			buildActionMask = 2147483647;
			files = (
				8B610A671AEE80F9007340CF /* testViewTests.swift in Sources */,
			);
			runOnlyForDeploymentPostprocessing = 0;
		};
/* End PBXSourcesBuildPhase section */

/* Begin PBXTargetDependency section */
		8B610A621AEE80F9007340CF /* PBXTargetDependency */ = {
			isa = PBXTargetDependency;
			target = 8B610A481AEE80F9007340CF /* testView */;
			targetProxy = 8B610A611AEE80F9007340CF /* PBXContainerItemProxy */;
		};
/* End PBXTargetDependency section */

/* Begin PBXVariantGroup section */
		8B610A541AEE80F9007340CF /* Main.storyboard */ = {
			isa = PBXVariantGroup;
			children = (
				8B610A551AEE80F9007340CF /* Base */,
			);
			name = Main.storyboard;
			sourceTree = "<group>";
		};
		8B610A591AEE80F9007340CF /* LaunchScreen.xib */ = {
			isa = PBXVariantGroup;
			children = (
				8B610A5A1AEE80F9007340CF /* Base */,
			);
			name = LaunchScreen.xib;
			sourceTree = "<group>";
		};
/* End PBXVariantGroup section */

/* Begin XCBuildConfiguration section */
		8B610A681AEE80F9007340CF /* Debug */ = {
			isa = XCBuildConfiguration;
			buildSettings = {
				ALWAYS_SEARCH_USER_PATHS = NO;
				CLANG_CXX_LANGUAGE_STANDARD = "gnu++0x";
				CLANG_CXX_LIBRARY = "libc++";
				CLANG_ENABLE_MODULES = YES;
				CLANG_ENABLE_OBJC_ARC = YES;
				CLANG_WARN_BOOL_CONVERSION = YES;
				CLANG_WARN_CONSTANT_CONVERSION = YES;
				CLANG_WARN_DIRECT_OBJC_ISA_USAGE = YES_ERROR;
				CLANG_WARN_EMPTY_BODY = YES;
				CLANG_WARN_ENUM_CONVERSION = YES;
				CLANG_WARN_INT_CONVERSION = YES;
				CLANG_WARN_OBJC_ROOT_CLASS = YES_ERROR;
				CLANG_WARN_UNREACHABLE_CODE = YES;
				CLANG_WARN__DUPLICATE_METHOD_MATCH = YES;
				"CODE_SIGN_IDENTITY[sdk=iphoneos*]" = "iPhone Developer";
				COPY_PHASE_STRIP = NO;
				DEBUG_INFORMATION_FORMAT = "dwarf-with-dsym";
				ENABLE_STRICT_OBJC_MSGSEND = YES;
				GCC_C_LANGUAGE_STANDARD = gnu99;
				GCC_DYNAMIC_NO_PIC = NO;
				GCC_NO_COMMON_BLOCKS = YES;
				GCC_OPTIMIZATION_LEVEL = 0;
				GCC_PREPROCESSOR_DEFINITIONS = (
					"DEBUG=1",
					"$(inherited)",
				);
				GCC_SYMBOLS_PRIVATE_EXTERN = NO;
				GCC_WARN_64_TO_32_BIT_CONVERSION = YES;
				GCC_WARN_ABOUT_RETURN_TYPE = YES_ERROR;
				GCC_WARN_UNDECLARED_SELECTOR = YES;
				GCC_WARN_UNINITIALIZED_AUTOS = YES_AGGRESSIVE;
				GCC_WARN_UNUSED_FUNCTION = YES;
				GCC_WARN_UNUSED_VARIABLE = YES;
				IPHONEOS_DEPLOYMENT_TARGET = 8.3;
				MTL_ENABLE_DEBUG_INFO = YES;
				ONLY_ACTIVE_ARCH = YES;
				SDKROOT = iphoneos;
				SWIFT_OPTIMIZATION_LEVEL = "-Onone";
				TARGETED_DEVICE_FAMILY = "1,2";
			};
			name = Debug;
		};
		8B610A691AEE80F9007340CF /* Release */ = {
			isa = XCBuildConfiguration;
			buildSettings = {
				ALWAYS_SEARCH_USER_PATHS = NO;
				CLANG_CXX_LANGUAGE_STANDARD = "gnu++0x";
				CLANG_CXX_LIBRARY = "libc++";
				CLANG_ENABLE_MODULES = YES;
				CLANG_ENABLE_OBJC_ARC = YES;
				CLANG_WARN_BOOL_CONVERSION = YES;
				CLANG_WARN_CONSTANT_CONVERSION = YES;
				CLANG_WARN_DIRECT_OBJC_ISA_USAGE = YES_ERROR;
				CLANG_WARN_EMPTY_BODY = YES;
				CLANG_WARN_ENUM_CONVERSION = YES;
				CLANG_WARN_INT_CONVERSION = YES;
				CLANG_WARN_OBJC_ROOT_CLASS = YES_ERROR;
				CLANG_WARN_UNREACHABLE_CODE = YES;
				CLANG_WARN__DUPLICATE_METHOD_MATCH = YES;
				"CODE_SIGN_IDENTITY[sdk=iphoneos*]" = "iPhone Developer";
				COPY_PHASE_STRIP = NO;
				DEBUG_INFORMATION_FORMAT = "dwarf-with-dsym";
				ENABLE_NS_ASSERTIONS = NO;
				ENABLE_STRICT_OBJC_MSGSEND = YES;
				GCC_C_LANGUAGE_STANDARD = gnu99;
				GCC_NO_COMMON_BLOCKS = YES;
				GCC_WARN_64_TO_32_BIT_CONVERSION = YES;
				GCC_WARN_ABOUT_RETURN_TYPE = YES_ERROR;
				GCC_WARN_UNDECLARED_SELECTOR = YES;
				GCC_WARN_UNINITIALIZED_AUTOS = YES_AGGRESSIVE;
				GCC_WARN_UNUSED_FUNCTION = YES;
				GCC_WARN_UNUSED_VARIABLE = YES;
				IPHONEOS_DEPLOYMENT_TARGET = 8.3;
				MTL_ENABLE_DEBUG_INFO = NO;
				SDKROOT = iphoneos;
				TARGETED_DEVICE_FAMILY = "1,2";
				VALIDATE_PRODUCT = YES;
			};
			name = Release;
		};
		8B610A6B1AEE80F9007340CF /* Debug */ = {
			isa = XCBuildConfiguration;
			buildSettings = {
				ASSETCATALOG_COMPILER_APPICON_NAME = AppIcon;
				INFOPLIST_FILE = testView/Info.plist;
				LD_RUNPATH_SEARCH_PATHS = "$(inherited) @executable_path/Frameworks";
				PRODUCT_NAME = "$(TARGET_NAME)";
			};
			name = Debug;
		};
		8B610A6C1AEE80F9007340CF /* Release */ = {
			isa = XCBuildConfiguration;
			buildSettings = {
				ASSETCATALOG_COMPILER_APPICON_NAME = AppIcon;
				INFOPLIST_FILE = testView/Info.plist;
				LD_RUNPATH_SEARCH_PATHS = "$(inherited) @executable_path/Frameworks";
				PRODUCT_NAME = "$(TARGET_NAME)";
			};
			name = Release;
		};
		8B610A6E1AEE80F9007340CF /* Debug */ = {
			isa = XCBuildConfiguration;
			buildSettings = {
				BUNDLE_LOADER = "$(TEST_HOST)";
				FRAMEWORK_SEARCH_PATHS = (
					"$(SDKROOT)/Developer/Library/Frameworks",
					"$(inherited)",
				);
				GCC_PREPROCESSOR_DEFINITIONS = (
					"DEBUG=1",
					"$(inherited)",
				);
				INFOPLIST_FILE = testViewTests/Info.plist;
				LD_RUNPATH_SEARCH_PATHS = "$(inherited) @executable_path/Frameworks @loader_path/Frameworks";
				PRODUCT_NAME = "$(TARGET_NAME)";
				TEST_HOST = "$(BUILT_PRODUCTS_DIR)/testView.app/testView";
			};
			name = Debug;
		};
		8B610A6F1AEE80F9007340CF /* Release */ = {
			isa = XCBuildConfiguration;
			buildSettings = {
				BUNDLE_LOADER = "$(TEST_HOST)";
				FRAMEWORK_SEARCH_PATHS = (
					"$(SDKROOT)/Developer/Library/Frameworks",
					"$(inherited)",
				);
				INFOPLIST_FILE = testViewTests/Info.plist;
				LD_RUNPATH_SEARCH_PATHS = "$(inherited) @executable_path/Frameworks @loader_path/Frameworks";
				PRODUCT_NAME = "$(TARGET_NAME)";
				TEST_HOST = "$(BUILT_PRODUCTS_DIR)/testView.app/testView";
			};
			name = Release;
		};
/* End XCBuildConfiguration section */

/* Begin XCConfigurationList section */
		8B610A441AEE80F9007340CF /* Build configuration list for PBXProject "testView" */ = {
			isa = XCConfigurationList;
			buildConfigurations = (
				8B610A681AEE80F9007340CF /* Debug */,
				8B610A691AEE80F9007340CF /* Release */,
			);
			defaultConfigurationIsVisible = 0;
			defaultConfigurationName = Release;
		};
		8B610A6A1AEE80F9007340CF /* Build configuration list for PBXNativeTarget "testView" */ = {
			isa = XCConfigurationList;
			buildConfigurations = (
				8B610A6B1AEE80F9007340CF /* Debug */,
				8B610A6C1AEE80F9007340CF /* Release */,
			);
			defaultConfigurationIsVisible = 0;
			defaultConfigurationName = Release;
		};
		8B610A6D1AEE80F9007340CF /* Build configuration list for PBXNativeTarget "testViewTests" */ = {
			isa = XCConfigurationList;
			buildConfigurations = (
				8B610A6E1AEE80F9007340CF /* Debug */,
				8B610A6F1AEE80F9007340CF /* Release */,
			);
			defaultConfigurationIsVisible = 0;
			defaultConfigurationName = Release;
		};
/* End XCConfigurationList section */
	};
	rootObject = 8B610A411AEE80F9007340CF /* Project object */;
}
